version = 1
revision = 3
requires-python = ">=3.13"

[[package]]
name = "anyio"
version = "4.12.0"
source = { registry = "https://pypi.org/simple" }
dependencies = [
    { name = "idna" },
]
sdist = { url = "https://files.pythonhosted.org/packages/16/ce/8a777047513153587e5434fd752e89334ac33e379aa3497db860eeb60377/anyio-4.12.0.tar.gz", hash = "sha256:73c693b567b0c55130c104d0b43a9baf3aa6a31fc6110116509f27bf75e21ec0", size = 228266, upload-time = "2025-11-28T23:37:38.911Z" }
wheels = [
    { url = "https://files.pythonhosted.org/packages/7f/9c/36c5c37947ebfb8c7f22e0eb6e4d188ee2d53aa3880f3f2744fb894f0cb1/anyio-4.12.0-py3-none-any.whl", hash = "sha256:dad2376a628f98eeca4881fc56cd06affd18f659b17a747d3ff0307ced94b1bb", size = 113362, upload-time = "2025-11-28T23:36:57.897Z" },
]

[[package]]
name = "certifi"
version = "2025.11.12"
source = { registry = "https://pypi.org/simple" }
sdist = { url = "https://files.pythonhosted.org/packages/a2/8c/58f469717fa48465e4a50c014a0400602d3c437d7c0c468e17ada824da3a/certifi-2025.11.12.tar.gz", hash = "sha256:d8ab5478f2ecd78af242878415affce761ca6bc54a22a27e026d7c25357c3316", size = 160538, upload-time = "2025-11-12T02:54:51.517Z" }
wheels = [
    { url = "https://files.pythonhosted.org/packages/70/7d/9bc192684cea499815ff478dfcdc13835ddf401365057044fb721ec6bddb/certifi-2025.11.12-py3-none-any.whl", hash = "sha256:97de8790030bbd5c2d96b7ec782fc2f7820ef8dba6db909ccf95449f2d062d4b", size = 159438, upload-time = "2025-11-12T02:54:49.735Z" },
]

[[package]]
name = "elevate"
version = "0.1.3"
source = { registry = "https://pypi.org/simple" }
sdist = { url = "https://files.pythonhosted.org/packages/81/32/29ba61063ac124632754e26c65e71217f48ce682fbf8762ee9a0bb0d32de/elevate-0.1.3.tar.gz", hash = "sha256:53ad19fa1de301fb1de3f8768fb3a5894215716fd96a475690c4d0ff3b1de209", size = 2897, upload-time = "2018-05-22T20:28:25.225Z" }

[[package]]
name = "evdev"
version = "1.9.2"
source = { registry = "https://pypi.org/simple" }
sdist = { url = "https://files.pythonhosted.org/packages/63/fe/a17c106a1f4061ce83f04d14bcedcfb2c38c7793ea56bfb906a6fadae8cb/evdev-1.9.2.tar.gz", hash = "sha256:5d3278892ce1f92a74d6bf888cc8525d9f68af85dbe336c95d1c87fb8f423069", size = 33301, upload-time = "2025-05-01T19:53:47.69Z" }

[[package]]
name = "h11"
version = "0.16.0"
source = { registry = "https://pypi.org/simple" }
sdist = { url = "https://files.pythonhosted.org/packages/01/ee/02a2c011bdab74c6fb3c75474d40b3052059d95df7e73351460c8588d963/h11-0.16.0.tar.gz", hash = "sha256:4e35b956cf45792e4caa5885e69fba00bdbc6ffafbfa020300e549b208ee5ff1", size = 101250, upload-time = "2025-04-24T03:35:25.427Z" }
wheels = [
    { url = "https://files.pythonhosted.org/packages/04/4b/29cac41a4d98d144bf5f6d33995617b185d14b22401f75ca86f384e87ff1/h11-0.16.0-py3-none-any.whl", hash = "sha256:63cf8bbe7522de3bf65932fda1d9c2772064ffb3dae62d55932da54b31cb6c86", size = 37515, upload-time = "2025-04-24T03:35:24.344Z" },
]

[[package]]
name = "httpcore"
version = "1.0.9"
source = { registry = "https://pypi.org/simple" }
dependencies = [
    { name = "certifi" },
    { name = "h11" },
]
sdist = { url = "https://files.pythonhosted.org/packages/06/94/82699a10bca87a5556c9c59b5963f2d039dbd239f25bc2a63907a05a14cb/httpcore-1.0.9.tar.gz", hash = "sha256:6e34463af53fd2ab5d807f399a9b45ea31c3dfa2276f15a2c3f00afff6e176e8", size = 85484, upload-time = "2025-04-24T22:06:22.219Z" }
wheels = [
    { url = "https://files.pythonhosted.org/packages/7e/f5/f66802a942d491edb555dd61e3a9961140fd64c90bce1eafd741609d334d/httpcore-1.0.9-py3-none-any.whl", hash = "sha256:2d400746a40668fc9dec9810239072b40b4484b640a8c38fd654a024c7a1bf55", size = 78784, upload-time = "2025-04-24T22:06:20.566Z" },
]

[[package]]
name = "httpx"
version = "0.28.1"
source = { registry = "https://pypi.org/simple" }
dependencies = [
    { name = "anyio" },
    { name = "certifi" },
    { name = "httpcore" },
    { name = "idna" },
]
sdist = { url = "https://files.pythonhosted.org/packages/b1/df/48c586a5fe32a0f01324ee087459e112ebb7224f646c0b5023f5e79e9956/httpx-0.28.1.tar.gz", hash = "sha256:75e98c5f16b0f35b567856f597f06ff2270a374470a5c2392242528e3e3e42fc", size = 141406, upload-time = "2024-12-06T15:37:23.222Z" }
wheels = [
    { url = "https://files.pythonhosted.org/packages/2a/39/e50c7c3a983047577ee07d2a9e53faf5a69493943ec3f6a384bdc792deb2/httpx-0.28.1-py3-none-any.whl", hash = "sha256:d909fcccc110f8c7faf814ca82a9a4d816bc5a6dbfea25d6591d6985b8ba59ad", size = 73517, upload-time = "2024-12-06T15:37:21.509Z" },
]

[[package]]
name = "idna"
version = "3.11"
source = { registry = "https://pypi.org/simple" }
sdist = { url = "https://files.pythonhosted.org/packages/6f/6d/0703ccc57f3a7233505399edb88de3cbd678da106337b9fcde432b65ed60/idna-3.11.tar.gz", hash = "sha256:795dafcc9c04ed0c1fb032c2aa73654d8e8c5023a7df64a53f39190ada629902", size = 194582, upload-time = "2025-10-12T14:55:20.501Z" }
wheels = [
    { url = "https://files.pythonhosted.org/packages/0e/61/66938bbb5fc52dbdf84594873d5b51fb1f7c7794e9c0f5bd885f30bc507b/idna-3.11-py3-none-any.whl", hash = "sha256:771a87f49d9defaf64091e6e6fe9c18d4833f140bd19464795bc32d966ca37ea", size = 71008, upload-time = "2025-10-12T14:55:18.883Z" },
]

[[package]]
name = "pycryptodome"
version = "3.23.0"
source = { registry = "https://pypi.org/simple" }
sdist = { url = "https://files.pythonhosted.org/packages/8e/a6/8452177684d5e906854776276ddd34eca30d1b1e15aa1ee9cefc289a33f5/pycryptodome-3.23.0.tar.gz", hash = "sha256:447700a657182d60338bab09fdb27518f8856aecd80ae4c6bdddb67ff5da44ef", size = 4921276, upload-time = "2025-05-17T17:21:45.242Z" }
wheels = [
    { url = "https://files.pythonhosted.org/packages/04/5d/bdb09489b63cd34a976cc9e2a8d938114f7a53a74d3dd4f125ffa49dce82/pycryptodome-3.23.0-cp313-cp313t-macosx_10_13_universal2.whl", hash = "sha256:0011f7f00cdb74879142011f95133274741778abba114ceca229adbf8e62c3e4", size = 2495152, upload-time = "2025-05-17T17:20:20.833Z" },
    { url = "https://files.pythonhosted.org/packages/a7/ce/7840250ed4cc0039c433cd41715536f926d6e86ce84e904068eb3244b6a6/pycryptodome-3.23.0-cp313-cp313t-macosx_10_13_x86_64.whl", hash = "sha256:90460fc9e088ce095f9ee8356722d4f10f86e5be06e2354230a9880b9c549aae", size = 1639348, upload-time = "2025-05-17T17:20:23.171Z" },
    { url = "https://files.pythonhosted.org/packages/ee/f0/991da24c55c1f688d6a3b5a11940567353f74590734ee4a64294834ae472/pycryptodome-3.23.0-cp313-cp313t-manylinux_2_17_aarch64.manylinux2014_aarch64.whl", hash = "sha256:4764e64b269fc83b00f682c47443c2e6e85b18273712b98aa43bcb77f8570477", size = 2184033, upload-time = "2025-05-17T17:20:25.424Z" },
    { url = "https://files.pythonhosted.org/packages/54/16/0e11882deddf00f68b68dd4e8e442ddc30641f31afeb2bc25588124ac8de/pycryptodome-3.23.0-cp313-cp313t-manylinux_2_17_x86_64.manylinux2014_x86_64.whl", hash = "sha256:eb8f24adb74984aa0e5d07a2368ad95276cf38051fe2dc6605cbcf482e04f2a7", size = 2270142, upload-time = "2025-05-17T17:20:27.808Z" },
    { url = "https://files.pythonhosted.org/packages/d5/fc/4347fea23a3f95ffb931f383ff28b3f7b1fe868739182cb76718c0da86a1/pycryptodome-3.23.0-cp313-cp313t-manylinux_2_5_i686.manylinux1_i686.manylinux_2_17_i686.manylinux2014_i686.whl", hash = "sha256:d97618c9c6684a97ef7637ba43bdf6663a2e2e77efe0f863cce97a76af396446", size = 2309384, upload-time = "2025-05-17T17:20:30.765Z" },
    { url = "https://files.pythonhosted.org/packages/6e/d9/c5261780b69ce66d8cfab25d2797bd6e82ba0241804694cd48be41add5eb/pycryptodome-3.23.0-cp313-cp313t-musllinux_1_2_aarch64.whl", hash = "sha256:9a53a4fe5cb075075d515797d6ce2f56772ea7e6a1e5e4b96cf78a14bac3d265", size = 2183237, upload-time = "2025-05-17T17:20:33.736Z" },
    { url = "https://files.pythonhosted.org/packages/5a/6f/3af2ffedd5cfa08c631f89452c6648c4d779e7772dfc388c77c920ca6bbf/pycryptodome-3.23.0-cp313-cp313t-musllinux_1_2_i686.whl", hash = "sha256:763d1d74f56f031788e5d307029caef067febf890cd1f8bf61183ae142f1a77b", size = 2343898, upload-time = "2025-05-17T17:20:36.086Z" },
    { url = "https://files.pythonhosted.org/packages/9a/dc/9060d807039ee5de6e2f260f72f3d70ac213993a804f5e67e0a73a56dd2f/pycryptodome-3.23.0-cp313-cp313t-musllinux_1_2_x86_64.whl", hash = "sha256:954af0e2bd7cea83ce72243b14e4fb518b18f0c1649b576d114973e2073b273d", size = 2269197, upload-time = "2025-05-17T17:20:38.414Z" },
    { url = "https://files.pythonhosted.org/packages/f9/34/e6c8ca177cb29dcc4967fef73f5de445912f93bd0343c9c33c8e5bf8cde8/pycryptodome-3.23.0-cp313-cp313t-win32.whl", hash = "sha256:257bb3572c63ad8ba40b89f6fc9d63a2a628e9f9708d31ee26560925ebe0210a", size = 1768600, upload-time = "2025-05-17T17:20:40.688Z" },
    { url = "https://files.pythonhosted.org/packages/e4/1d/89756b8d7ff623ad0160f4539da571d1f594d21ee6d68be130a6eccb39a4/pycryptodome-3.23.0-cp313-cp313t-win_amd64.whl", hash = "sha256:6501790c5b62a29fcb227bd6b62012181d886a767ce9ed03b303d1f22eb5c625", size = 1799740, upload-time = "2025-05-17T17:20:42.413Z" },
    { url = "https://files.pythonhosted.org/packages/5d/61/35a64f0feaea9fd07f0d91209e7be91726eb48c0f1bfc6720647194071e4/pycryptodome-3.23.0-cp313-cp313t-win_arm64.whl", hash = "sha256:9a77627a330ab23ca43b48b130e202582e91cc69619947840ea4d2d1be21eb39", size = 1703685, upload-time = "2025-05-17T17:20:44.388Z" },
    { url = "https://files.pythonhosted.org/packages/db/6c/a1f71542c969912bb0e106f64f60a56cc1f0fabecf9396f45accbe63fa68/pycryptodome-3.23.0-cp37-abi3-macosx_10_9_universal2.whl", hash = "sha256:187058ab80b3281b1de11c2e6842a357a1f71b42cb1e15bce373f3d238135c27", size = 2495627, upload-time = "2025-05-17T17:20:47.139Z" },
    { url = "https://files.pythonhosted.org/packages/6e/4e/a066527e079fc5002390c8acdd3aca431e6ea0a50ffd7201551175b47323/pycryptodome-3.23.0-cp37-abi3-macosx_10_9_x86_64.whl", hash = "sha256:cfb5cd445280c5b0a4e6187a7ce8de5a07b5f3f897f235caa11f1f435f182843", size = 1640362, upload-time = "2025-05-17T17:20:50.392Z" },
    { url = "https://files.pythonhosted.org/packages/50/52/adaf4c8c100a8c49d2bd058e5b551f73dfd8cb89eb4911e25a0c469b6b4e/pycryptodome-3.23.0-cp37-abi3-manylinux_2_17_aarch64.manylinux2014_aarch64.whl", hash = "sha256:67bd81fcbe34f43ad9422ee8fd4843c8e7198dd88dd3d40e6de42ee65fbe1490", size = 2182625, upload-time = "2025-05-17T17:20:52.866Z" },
    { url = "https://files.pythonhosted.org/packages/5f/e9/a09476d436d0ff1402ac3867d933c61805ec2326c6ea557aeeac3825604e/pycryptodome-3.23.0-cp37-abi3-manylinux_2_17_x86_64.manylinux2014_x86_64.whl", hash = "sha256:c8987bd3307a39bc03df5c8e0e3d8be0c4c3518b7f044b0f4c15d1aa78f52575", size = 2268954, upload-time = "2025-05-17T17:20:55.027Z" },
    { url = "https://files.pythonhosted.org/packages/f9/c5/ffe6474e0c551d54cab931918127c46d70cab8f114e0c2b5a3c071c2f484/pycryptodome-3.23.0-cp37-abi3-manylinux_2_5_i686.manylinux1_i686.manylinux_2_17_i686.manylinux2014_i686.whl", hash = "sha256:aa0698f65e5b570426fc31b8162ed4603b0c2841cbb9088e2b01641e3065915b", size = 2308534, upload-time = "2025-05-17T17:20:57.279Z" },
    { url = "https://files.pythonhosted.org/packages/18/28/e199677fc15ecf43010f2463fde4c1a53015d1fe95fb03bca2890836603a/pycryptodome-3.23.0-cp37-abi3-musllinux_1_2_aarch64.whl", hash = "sha256:53ecbafc2b55353edcebd64bf5da94a2a2cdf5090a6915bcca6eca6cc452585a", size = 2181853, upload-time = "2025-05-17T17:20:59.322Z" },
    { url = "https://files.pythonhosted.org/packages/ce/ea/4fdb09f2165ce1365c9eaefef36625583371ee514db58dc9b65d3a255c4c/pycryptodome-3.23.0-cp37-abi3-musllinux_1_2_i686.whl", hash = "sha256:156df9667ad9f2ad26255926524e1c136d6664b741547deb0a86a9acf5ea631f", size = 2342465, upload-time = "2025-05-17T17:21:03.83Z" },
    { url = "https://files.pythonhosted.org/packages/22/82/6edc3fc42fe9284aead511394bac167693fb2b0e0395b28b8bedaa07ef04/pycryptodome-3.23.0-cp37-abi3-musllinux_1_2_x86_64.whl", hash = "sha256:dea827b4d55ee390dc89b2afe5927d4308a8b538ae91d9c6f7a5090f397af1aa", size = 2267414, upload-time = "2025-05-17T17:21:06.72Z" },
    { url = "https://files.pythonhosted.org/packages/59/fe/aae679b64363eb78326c7fdc9d06ec3de18bac68be4b612fc1fe8902693c/pycryptodome-3.23.0-cp37-abi3-win32.whl", hash = "sha256:507dbead45474b62b2bbe318eb1c4c8ee641077532067fec9c1aa82c31f84886", size = 1768484, upload-time = "2025-05-17T17:21:08.535Z" },
    { url = "https://files.pythonhosted.org/packages/54/2f/e97a1b8294db0daaa87012c24a7bb714147c7ade7656973fd6c736b484ff/pycryptodome-3.23.0-cp37-abi3-win_amd64.whl", hash = "sha256:c75b52aacc6c0c260f204cbdd834f76edc9fb0d8e0da9fbf8352ef58202564e2", size = 1799636, upload-time = "2025-05-17T17:21:10.393Z" },
    { url = "https://files.pythonhosted.org/packages/18/3d/f9441a0d798bf2b1e645adc3265e55706aead1255ccdad3856dbdcffec14/pycryptodome-3.23.0-cp37-abi3-win_arm64.whl", hash = "sha256:11eeeb6917903876f134b56ba11abe95c0b0fd5e3330def218083c7d98bbcb3c", size = 1703675, upload-time = "2025-05-17T17:21:13.146Z" },
]

[[package]]
name = "pyside6"
version = "6.10.1"
source = { registry = "https://pypi.org/simple" }
dependencies = [
    { name = "pyside6-addons" },
    { name = "pyside6-essentials" },
    { name = "shiboken6" },
]
wheels = [
    { url = "https://files.pythonhosted.org/packages/56/22/f82cfcd1158be502c5741fe67c3fa853f3c1edbd3ac2c2250769dd9722d1/pyside6-6.10.1-cp39-abi3-macosx_13_0_universal2.whl", hash = "sha256:d0e70dd0e126d01986f357c2a555722f9462cf8a942bf2ce180baf69f468e516", size = 558169, upload-time = "2025-11-20T10:09:08.79Z" },
    { url = "https://files.pythonhosted.org/packages/66/eb/54afe242a25d1c33b04ecd8321a549d9efb7b89eef7690eed92e98ba1dc9/pyside6-6.10.1-cp39-abi3-manylinux_2_34_x86_64.whl", hash = "sha256:4053bf51ba2c2cb20e1005edd469997976a02cec009f7c46356a0b65c137f1fa", size = 557818, upload-time = "2025-11-20T10:09:10.132Z" },
    { url = "https://files.pythonhosted.org/packages/4d/af/5706b1b33587dc2f3dfa3a5000424befba35e4f2d5889284eebbde37138b/pyside6-6.10.1-cp39-abi3-manylinux_2_39_aarch64.whl", hash = "sha256:7d3ca20a40139ca5324a7864f1d91cdf2ff237e11bd16354a42670f2a4eeb13c", size = 558358, upload-time = "2025-11-20T10:09:11.288Z" },
    { url = "https://files.pythonhosted.org/packages/26/41/3f48d724ecc8e42cea8a8442aa9b5a86d394b85093275990038fd1020039/pyside6-6.10.1-cp39-abi3-win_amd64.whl", hash = "sha256:9f89ff994f774420eaa38cec6422fddd5356611d8481774820befd6f3bb84c9e", size = 564424, upload-time = "2025-11-20T10:09:12.677Z" },
    { url = "https://files.pythonhosted.org/packages/af/30/395411473b433875a82f6b5fdd0cb28f19a0e345bcaac9fbc039400d7072/pyside6-6.10.1-cp39-abi3-win_arm64.whl", hash = "sha256:9c5c1d94387d1a32a6fae25348097918ef413b87dfa3767c46f737c6d48ae437", size = 548866, upload-time = "2025-11-20T10:09:14.174Z" },
]

[[package]]
name = "pyside6-addons"
version = "6.10.1"
source = { registry = "https://pypi.org/simple" }
dependencies = [
    { name = "pyside6-essentials" },
    { name = "shiboken6" },
]
wheels = [
    { url = "https://files.pythonhosted.org/packages/2d/f9/b72a2578d7dbef7741bb90b5756b4ef9c99a5b40148ea53ce7f048573fe9/pyside6_addons-6.10.1-cp39-abi3-macosx_13_0_universal2.whl", hash = "sha256:4d2b82bbf9b861134845803837011e5f9ac7d33661b216805273cf0c6d0f8e82", size = 322639446, upload-time = "2025-11-20T09:54:50.75Z" },
    { url = "https://files.pythonhosted.org/packages/94/3b/3ed951c570a15570706a89d39bfd4eaaffdf16d5c2dca17e82fc3ec8aaa6/pyside6_addons-6.10.1-cp39-abi3-manylinux_2_34_x86_64.whl", hash = "sha256:330c229b58d30083a7b99ed22e118eb4f4126408429816a4044ccd0438ae81b4", size = 170678293, upload-time = "2025-11-20T09:56:40.991Z" },
    { url = "https://files.pythonhosted.org/packages/22/77/4c780b204d0bf3323a75c184e349d063e208db44c993f1214aa4745d6f47/pyside6_addons-6.10.1-cp39-abi3-manylinux_2_39_aarch64.whl", hash = "sha256:56864b5fecd6924187a2d0f7e98d968ed72b6cc267caa5b294cd7e88fff4e54c", size = 166365011, upload-time = "2025-11-20T09:57:20.261Z" },
    { url = "https://files.pythonhosted.org/packages/04/14/58239776499e6b279fa6ca2e0d47209531454b99f6bd2ad7c96f11109416/pyside6_addons-6.10.1-cp39-abi3-win_amd64.whl", hash = "sha256:b6e249d15407dd33d6a2ffabd9dc6d7a8ab8c95d05f16a71dad4d07781c76341", size = 164864664, upload-time = "2025-11-20T09:57:54.815Z" },
    { url = "https://files.pythonhosted.org/packages/e2/cd/1b74108671ba4b1ebb2661330665c4898b089e9c87f7ba69fe2438f3d1b6/pyside6_addons-6.10.1-cp39-abi3-win_arm64.whl", hash = "sha256:0de303c0447326cdc6c8be5ab066ef581e2d0baf22560c9362d41b8304fdf2db", size = 34191225, upload-time = "2025-11-20T09:58:04.184Z" },
]

[[package]]
name = "pyside6-essentials"
version = "6.10.1"
source = { registry = "https://pypi.org/simple" }
dependencies = [
    { name = "shiboken6" },
]
wheels = [
    { url = "https://files.pythonhosted.org/packages/04/b0/c43209fecef79912e9b1c70a1b5172b1edf76caebcc885c58c60a09613b0/pyside6_essentials-6.10.1-cp39-abi3-macosx_13_0_universal2.whl", hash = "sha256:cd224aff3bb26ff1fca32c050e1c4d0bd9f951a96219d40d5f3d0128485b0bbe", size = 105461499, upload-time = "2025-11-20T09:59:23.733Z" },
    { url = "https://files.pythonhosted.org/packages/5f/8e/b69ba7fa0c701f3f4136b50460441697ec49ee6ea35c229eb2a5ee4b5952/pyside6_essentials-6.10.1-cp39-abi3-manylinux_2_34_x86_64.whl", hash = "sha256:e9ccbfb58c03911a0bce1f2198605b02d4b5ca6276bfc0cbcf7c6f6393ffb856", size = 76764617, upload-time = "2025-11-20T09:59:38.831Z" },
    { url = "https://files.pythonhosted.org/packages/bd/83/569d27f4b6c6b9377150fe1a3745d64d02614021bea233636bc936a23423/pyside6_essentials-6.10.1-cp39-abi3-manylinux_2_39_aarch64.whl", hash = "sha256:ec8617c9b143b0c19ba1cc5a7e98c538e4143795480cb152aee47802c18dc5d2", size = 75850373, upload-time = "2025-11-20T09:59:56.082Z" },
    { url = "https://files.pythonhosted.org/packages/1e/64/a8df6333de8ccbf3a320e1346ca30d0f314840aff5e3db9b4b66bf38e26c/pyside6_essentials-6.10.1-cp39-abi3-win_amd64.whl", hash = "sha256:9555a48e8f0acf63fc6a23c250808db841b28a66ed6ad89ee0e4df7628752674", size = 74491180, upload-time = "2025-11-20T10:00:11.215Z" },
    { url = "https://files.pythonhosted.org/packages/67/da/65cc6c6a870d4ea908c59b2f0f9e2cf3bfc6c0710ebf278ed72f69865e4e/pyside6_essentials-6.10.1-cp39-abi3-win_arm64.whl", hash = "sha256:4d1d248644f1778f8ddae5da714ca0f5a150a5e6f602af2765a7d21b876da05c", size = 55190458, upload-time = "2025-11-20T10:00:26.226Z" },
]

[[package]]
name = "qasync"
version = "0.28.0"
source = { registry = "https://pypi.org/simple" }
sdist = { url = "https://files.pythonhosted.org/packages/ec/b2/5be08597dbbf331edb69478eae2f8dd511834cebf56a183b442e7437f8e0/qasync-0.28.0.tar.gz", hash = "sha256:6f7f1f18971f59cb259b107218269ba56e3ad475ec456e54714b426a6e30b71d", size = 14010, upload-time = "2025-08-28T01:31:36.785Z" }
wheels = [
    { url = "https://files.pythonhosted.org/packages/e5/84/0ce4cd946f6e958428c87d5accac35df70f81607e45ba4919947d0762d63/qasync-0.28.0-py3-none-any.whl", hash = "sha256:21faba8d047c717008378f5ac29ea58c32a8128528629e4afd57c59b768dba0f", size = 16188, upload-time = "2025-08-28T01:31:35.591Z" },
]

[[package]]
name = "shiboken6"
version = "6.10.1"
source = { registry = "https://pypi.org/simple" }
wheels = [
    { url = "https://files.pythonhosted.org/packages/6f/8b/e5db743d505ceea3efc4cd9634a3bee22a3e2bf6e07cefd28c9b9edabcc6/shiboken6-6.10.1-cp39-abi3-macosx_13_0_universal2.whl", hash = "sha256:9f2990f5b61b0b68ecadcd896ab4441f2cb097eef7797ecc40584107d9850d71", size = 478483, upload-time = "2025-11-20T10:08:52.411Z" },
    { url = "https://files.pythonhosted.org/packages/56/ba/b50c1a44b3c4643f482afbf1a0ea58f393827307100389ce29404f9ad3b0/shiboken6-6.10.1-cp39-abi3-manylinux_2_34_x86_64.whl", hash = "sha256:f4221a52dfb81f24a0d20cc4f8981cb6edd810d5a9fb28287ce10d342573a0e4", size = 271993, upload-time = "2025-11-20T10:08:54.093Z" },
    { url = "https://files.pythonhosted.org/packages/16/b8/939c24ebd662b0aa5c945443d0973145b3fb7079f0196274ef7bb4b98f73/shiboken6-6.10.1-cp39-abi3-manylinux_2_39_aarch64.whl", hash = "sha256:c095b00f4d6bf578c0b2464bb4e264b351a99345374478570f69e2e679a2a1d0", size = 268691, upload-time = "2025-11-20T10:08:55.639Z" },
    { url = "https://files.pythonhosted.org/packages/cf/a6/8c65ee0fa5e172ebcca03246b1bc3bd96cdaf1d60537316648536b7072a5/shiboken6-6.10.1-cp39-abi3-win_amd64.whl", hash = "sha256:c1601d3cda1fa32779b141663873741b54e797cb0328458d7466281f117b0a4e", size = 1234704, upload-time = "2025-11-20T10:08:57.417Z" },
    { url = "https://files.pythonhosted.org/packages/7b/6a/c0fea2f2ac7d9d96618c98156500683a4d1f93fea0e8c5a2bc39913d7ef1/shiboken6-6.10.1-cp39-abi3-win_arm64.whl", hash = "sha256:5cf800917008587b551005a45add2d485cca66f5f7ecd5b320e9954e40448cc9", size = 1795567, upload-time = "2025-11-20T10:08:59.184Z" },
]

[[package]]
name = "typetype"
version = "0.1.0"
source = { virtual = "." }
dependencies = [
    { name = "elevate" },
    { name = "evdev" },
    { name = "httpx" },
    { name = "pycryptodome" },
    { name = "pyside6" },
    { name = "qasync" },
]

[package.metadata]
requires-dist = [
    { name = "elevate", specifier = ">=0.1.3" },
    { name = "evdev", specifier = ">=1.9.2" },
    { name = "httpx", specifier = ">=0.28.1" },
    { name = "pycryptodome", specifier = ">=3.23.0" },
    { name = "pyside6", specifier = ">=6.10.1" },
    { name = "qasync", specifier = ">=0.28.0" },
]
